<?xml version="1.0" encoding="UTF-8" standalone="yes" ?>
<CodeBlocks_project_file>
	<FileVersion major="1" minor="6" />
	<Project>
		<Option title="server" />
		<Option pch_mode="2" />
		<Option compiler="vc60" />
		<Build>
			<Target title="Debug">
				<Option output="bin/Debug/server" prefix_auto="1" extension_auto="1" />
				<Option object_output="obj/Debug/" />
				<Option type="1" />
				<Option compiler="vc_60" />
				<Option projectCompilerOptionsRelation="-1" />
				<Option projectLinkerOptionsRelation="-1" />
				<Option projectIncludeDirsRelation="-1" />
				<Option projectResourceIncludeDirsRelation="-1" />
				<Option projectLibDirsRelation="-1" />
				<Linker>
					<Add option="/entry:main" />
					<Add library="msvcrt.lib" />
					<Add library="user32.lib" />
				</Linker>
				<MakeCommands>
					<Build command="" />
					<CompileFile command="" />
					<Clean command="" />
					<DistClean command="" />
					<AskRebuildNeeded command="" />
					<SilentBuild command=" &gt; $(CMD_NULL)" />
				</MakeCommands>
			</Target>
			<Target title="Release">
				<Option output="bin/Release/server" prefix_auto="1" extension_auto="1" />
				<Option object_output="obj/Release/" />
				<Option type="1" />
				<Option compiler="vc_60" />
				<Compiler>
					<Add option="/Gm" />
					<Add option="/O1" />
					<Add option="/Ox" />
					<Add option="/Og" />
					<Add option="/DNDEBUG" />
				</Compiler>
				<Linker>
					<Add option="/entry:main" />
					<Add option="/subsystem:windows" />
					<Add library="kernel32.lib" />
					<Add library="msvcrt.lib" />
				</Linker>
			</Target>
		</Build>
		<Compiler>
			<Add option="/W3" />
		</Compiler>
		<Unit filename="../../server/command/control.c">
			<Option compilerVar="CC" />
		</Unit>
		<Unit filename="../../server/command/file.c">
			<Option compilerVar="CC" />
		</Unit>
		<Unit filename="../../server/command/ioredirect.c">
			<Option compilerVar="CC" />
		</Unit>
		<Unit filename="../../server/command/newconnect.c">
			<Option compilerVar="CC" />
		</Unit>
		<Unit filename="../../server/command/reconnect.c">
			<Option compilerVar="CC" />
		</Unit>
		<Unit filename="../../server/config.c">
			<Option compilerVar="CC" />
		</Unit>
		<Unit filename="../../server/config.h" />
		<Unit filename="../../server/crypto/md5.c">
			<Option compilerVar="CC" />
		</Unit>
		<Unit filename="../../server/crypto/md5.h" />
		<Unit filename="../../server/crypto/rc4.c">
			<Option compilerVar="CC" />
		</Unit>
		<Unit filename="../../server/crypto/rc4.h" />
		<Unit filename="../../server/file_func.c">
			<Option compilerVar="CC" />
		</Unit>
		<Unit filename="../../server/file_func.h" />
		<Unit filename="../../server/server_main.c">
			<Option compilerVar="CC" />
		</Unit>
		<Unit filename="../../server/session.c">
			<Option compilerVar="CC" />
		</Unit>
		<Unit filename="../../server/session.h" />
		<Unit filename="../../server/socket_ctrl.c">
			<Option compilerVar="CC" />
		</Unit>
		<Unit filename="../../server/socket_ctrl.h" />
		<Unit filename="../../server/socket_func.c">
			<Option compilerVar="CC" />
		</Unit>
		<Unit filename="../../server/socket_func.h" />
		<Unit filename="../../server/thread_func.h" />
		<Extensions>
			<code_completion />
			<envvars />
			<debugger />
			<lib_finder disable_auto="1" />
		</Extensions>
	</Project>
</CodeBlocks_project_file>
